
Microsoft Visual Studio Solution File, Format Version 12.00
# Visual Studio Version 16
VisualStudioVersion = 16.0.31019.35
MinimumVisualStudioVersion = 10.0.40219.1
Project("{FAE04EC0-301F-11D3-BF4B-00C04F79EFBC}") = "KierenWoodsSolution", "KierenWoodsSolution\KierenWoodsSolution.csproj", "{3496AB4B-3CC5-49A3-8B0D-59497D89B63B}"
EndProject
Global
	GlobalSection(SolutionConfigurationPlatforms) = preSolution
		Debug|Any CPU = Debug|Any CPU
		Release|Any CPU = Release|Any CPU
	EndGlobalSection
	GlobalSection(ProjectConfigurationPlatforms) = postSolution
		{3496AB4B-3CC5-49A3-8B0D-59497D89B63B}.Debug|Any CPU.ActiveCfg = Debug|Any CPU
		{3496AB4B-3CC5-49A3-8B0D-59497D89B63B}.Debug|Any CPU.Build.0 = Debug|Any CPU
		{3496AB4B-3CC5-49A3-8B0D-59497D89B63B}.Release|Any CPU.ActiveCfg = Release|Any CPU
		{3496AB4B-3CC5-49A3-8B0D-59497D89B63B}.Release|Any CPU.Build.0 = Release|Any CPU
	EndGlobalSection
	GlobalSection(SolutionProperties) = preSolution
		HideSolutionNode = FALSE
	EndGlobalSection
	GlobalSection(ExtensibilityGlobals) = postSolution
		SolutionGuid = {BBE723F4-9910-4F7F-8DE3-678FC87539AB}
	EndGlobalSection
EndGlobal
